
Microsoft Visual Studio Solution File, Format Version 12.00
Project("{FAE04EC0-301F-11D3-BF4B-00C04F79EFBC}") = "GameCore", "GameCore\GameCore.csproj", "{7A8AA094-3692-4F3E-96A3-5B8CEF4E5DD7}"
EndProject
Project("{FAE04EC0-301F-11D3-BF4B-00C04F79EFBC}") = "WebClient", "WebClient\WebClient.csproj", "{3264800C-EACD-4ECA-8477-C0352B70F592}"
EndProject
Global
	GlobalSection(SolutionConfigurationPlatforms) = preSolution
		Debug|Any CPU = Debug|Any CPU
		Release|Any CPU = Release|Any CPU
	EndGlobalSection
	GlobalSection(ProjectConfigurationPlatforms) = postSolution
		{7A8AA094-3692-4F3E-96A3-5B8CEF4E5DD7}.Debug|Any CPU.ActiveCfg = Debug|Any CPU
		{7A8AA094-3692-4F3E-96A3-5B8CEF4E5DD7}.Debug|Any CPU.Build.0 = Debug|Any CPU
		{7A8AA094-3692-4F3E-96A3-5B8CEF4E5DD7}.Release|Any CPU.ActiveCfg = Release|Any CPU
		{7A8AA094-3692-4F3E-96A3-5B8CEF4E5DD7}.Release|Any CPU.Build.0 = Release|Any CPU
		{3264800C-EACD-4ECA-8477-C0352B70F592}.Debug|Any CPU.ActiveCfg = Debug|Any CPU
		{3264800C-EACD-4ECA-8477-C0352B70F592}.Debug|Any CPU.Build.0 = Debug|Any CPU
		{3264800C-EACD-4ECA-8477-C0352B70F592}.Release|Any CPU.ActiveCfg = Release|Any CPU
		{3264800C-EACD-4ECA-8477-C0352B70F592}.Release|Any CPU.Build.0 = Release|Any CPU
	EndGlobalSection
EndGlobal
